// !$*UTF8*$!
{
	archiveVersion = 1;
	classes = {
	};
	objectVersion = 77;
	objects = {

/* Begin PBXBuildFile section */
		A83B4EF02EA0965700B903FF /* TagLib in Frameworks */ = {isa = PBXBuildFile; productRef = A83B4EEF2EA0965700B903FF /* TagLib */; };
		A8B6F3972E0E042200FBC864 /* ffmpeg in Resources */ = {isa = PBXBuildFile; fileRef = A8B6F3962E0E042200FBC864 /* ffmpeg */; };
/* End PBXBuildFile section */

/* Begin PBXContainerItemProxy section */
		A8032ED52E0BB5F30022309A /* PBXContainerItemProxy */ = {
			isa = PBXContainerItemProxy;
			containerPortal = A8032EBB2E0BB5F20022309A /* Project object */;
			proxyType = 1;
			remoteGlobalIDString = A8032EC22E0BB5F20022309A;
			remoteInfo = "Audio Tag";
		};
		A8032EDF2E0BB5F30022309A /* PBXContainerItemProxy */ = {
			isa = PBXContainerItemProxy;
			containerPortal = A8032EBB2E0BB5F20022309A /* Project object */;
			proxyType = 1;
			remoteGlobalIDString = A8032EC22E0BB5F20022309A;
			remoteInfo = "Audio Tag";
		};
/* End PBXContainerItemProxy section */

/* Begin PBXCopyFilesBuildPhase section */
		A8B6F3412E0DF38900FBC864 /* Embed Frameworks */ = {
			isa = PBXCopyFilesBuildPhase;
			buildActionMask = 2147483647;
			dstPath = "";
			dstSubfolderSpec = 10;
			files = (
			);
			name = "Embed Frameworks";
			runOnlyForDeploymentPostprocessing = 0;
		};
/* End PBXCopyFilesBuildPhase section */

/* Begin PBXFileReference section */
		A8032EC32E0BB5F20022309A /* Audio Tag.app */ = {isa = PBXFileReference; explicitFileType = wrapper.application; includeInIndex = 0; path = "Audio Tag.app"; sourceTree = BUILT_PRODUCTS_DIR; };
		A8032ED42E0BB5F30022309A /* Audio TagTests.xctest */ = {isa = PBXFileReference; explicitFileType = wrapper.cfbundle; includeInIndex = 0; path = "Audio TagTests.xctest"; sourceTree = BUILT_PRODUCTS_DIR; };
		A8032EDE2E0BB5F30022309A /* Audio TagUITests.xctest */ = {isa = PBXFileReference; explicitFileType = wrapper.cfbundle; includeInIndex = 0; path = "Audio TagUITests.xctest"; sourceTree = BUILT_PRODUCTS_DIR; };
		A8B6F3962E0E042200FBC864 /* ffmpeg */ = {isa = PBXFileReference; lastKnownFileType = "compiled.mach-o.executable"; path = ffmpeg; sourceTree = "<group>"; };
/* End PBXFileReference section */

/* Begin PBXFileSystemSynchronizedBuildFileExceptionSet section */
		A8B6F3732E0E02EC00FBC864 /* Exceptions for "Audio Tag" folder in "Audio Tag" target */ = {
			isa = PBXFileSystemSynchronizedBuildFileExceptionSet;
			membershipExceptions = (
				ffmpegkit.framework,
			);
			target = A8032EC22E0BB5F20022309A /* Audio Tag */;
		};
/* End PBXFileSystemSynchronizedBuildFileExceptionSet section */

/* Begin PBXFileSystemSynchronizedGroupBuildPhaseMembershipExceptionSet section */
		A8B6F3442E0DF3C500FBC864 /* Exceptions for "Audio Tag" folder in "Copy Bundle Resources" phase from "Audio Tag" target */ = {
			isa = PBXFileSystemSynchronizedGroupBuildPhaseMembershipExceptionSet;
			buildPhase = A8032EC12E0BB5F20022309A /* Resources */;
			membershipExceptions = (
				ffmpegkit.framework,
			);
		};
		A8B6F3CA2E0E08A100FBC864 /* Exceptions for "Audio Tag" folder in "Embed Frameworks" phase from "Audio Tag" target */ = {
			isa = PBXFileSystemSynchronizedGroupBuildPhaseMembershipExceptionSet;
			attributesByRelativePath = {
				"bundle-apple-framework-macos/ffmpegkit.framework" = (CodeSignOnCopy, RemoveHeadersOnCopy, );
				"bundle-apple-framework-macos/libavcodec.framework" = (CodeSignOnCopy, RemoveHeadersOnCopy, );
				"bundle-apple-framework-macos/libavdevice.framework" = (CodeSignOnCopy, RemoveHeadersOnCopy, );
				"bundle-apple-framework-macos/libavfilter.framework" = (CodeSignOnCopy, RemoveHeadersOnCopy, );
				"bundle-apple-framework-macos/libavformat.framework" = (CodeSignOnCopy, RemoveHeadersOnCopy, );
				"bundle-apple-framework-macos/libavutil.framework" = (CodeSignOnCopy, RemoveHeadersOnCopy, );
				"bundle-apple-framework-macos/libswresample.framework" = (CodeSignOnCopy, RemoveHeadersOnCopy, );
				"bundle-apple-framework-macos/libswscale.framework" = (CodeSignOnCopy, RemoveHeadersOnCopy, );
			};
			buildPhase = A8B6F3412E0DF38900FBC864 /* Embed Frameworks */;
			membershipExceptions = (
				"bundle-apple-framework-macos/ffmpegkit.framework",
				"bundle-apple-framework-macos/libavcodec.framework",
				"bundle-apple-framework-macos/libavdevice.framework",
				"bundle-apple-framework-macos/libavfilter.framework",
				"bundle-apple-framework-macos/libavformat.framework",
				"bundle-apple-framework-macos/libavutil.framework",
				"bundle-apple-framework-macos/libswresample.framework",
				"bundle-apple-framework-macos/libswscale.framework",
			);
		};
/* End PBXFileSystemSynchronizedGroupBuildPhaseMembershipExceptionSet section */

/* Begin PBXFileSystemSynchronizedRootGroup section */
		A8032ED72E0BB5F30022309A /* Audio TagTests */ = {
			isa = PBXFileSystemSynchronizedRootGroup;
			path = "Audio TagTests";
			sourceTree = "<group>";
		};
		A8032EE12E0BB5F30022309A /* Audio TagUITests */ = {
			isa = PBXFileSystemSynchronizedRootGroup;
			path = "Audio TagUITests";
			sourceTree = "<group>";
		};
		A8032F222E0BCFCF0022309A /* Audio Tag */ = {
			isa = PBXFileSystemSynchronizedRootGroup;
			exceptions = (
				A8B6F3732E0E02EC00FBC864 /* Exceptions for "Audio Tag" folder in "Audio Tag" target */,
				A8B6F3442E0DF3C500FBC864 /* Exceptions for "Audio Tag" folder in "Copy Bundle Resources" phase from "Audio Tag" target */,
				A8B6F3CA2E0E08A100FBC864 /* Exceptions for "Audio Tag" folder in "Embed Frameworks" phase from "Audio Tag" target */,
			);
			path = "Audio Tag";
			sourceTree = "<group>";
		};
/* End PBXFileSystemSynchronizedRootGroup section */

/* Begin PBXFrameworksBuildPhase section */
		A8032EC02E0BB5F20022309A /* Frameworks */ = {
			isa = PBXFrameworksBuildPhase;
			buildActionMask = 2147483647;
			files = (
				A83B4EF02EA0965700B903FF /* TagLib in Frameworks */,
			);
			runOnlyForDeploymentPostprocessing = 0;
		};
		A8032ED12E0BB5F30022309A /* Frameworks */ = {
			isa = PBXFrameworksBuildPhase;
			buildActionMask = 2147483647;
			files = (
			);
			runOnlyForDeploymentPostprocessing = 0;
		};
		A8032EDB2E0BB5F30022309A /* Frameworks */ = {
			isa = PBXFrameworksBuildPhase;
			buildActionMask = 2147483647;
			files = (
			);
			runOnlyForDeploymentPostprocessing = 0;
		};
/* End PBXFrameworksBuildPhase section */

/* Begin PBXGroup section */
		A8032EBA2E0BB5F20022309A = {
			isa = PBXGroup;
			children = (
				A882B2072E21FCF7005C1493 /* TagLibBridge */,
				A8032F222E0BCFCF0022309A /* Audio Tag */,
				A8032F202E0BCD960022309A /* Resources */,
				A8032ED72E0BB5F30022309A /* Audio TagTests */,
				A8032EE12E0BB5F30022309A /* Audio TagUITests */,
				A8B6F3452E0DFB7D00FBC864 /* Frameworks */,
				A8032EC42E0BB5F20022309A /* Products */,
			);
			sourceTree = "<group>";
		};
		A8032EC42E0BB5F20022309A /* Products */ = {
			isa = PBXGroup;
			children = (
				A8032EC32E0BB5F20022309A /* Audio Tag.app */,
				A8032ED42E0BB5F30022309A /* Audio TagTests.xctest */,
				A8032EDE2E0BB5F30022309A /* Audio TagUITests.xctest */,
			);
			name = Products;
			sourceTree = "<group>";
		};
		A8032F202E0BCD960022309A /* Resources */ = {
			isa = PBXGroup;
			children = (
				A8B6F3962E0E042200FBC864 /* ffmpeg */,
			);
			path = Resources;
			sourceTree = "<group>";
		};
		A882B2072E21FCF7005C1493 /* TagLibBridge */ = {
			isa = PBXGroup;
			children = (
			);
			path = TagLibBridge;
			sourceTree = "<group>";
		};
		A8B6F3452E0DFB7D00FBC864 /* Frameworks */ = {
			isa = PBXGroup;
			children = (
			);
			name = Frameworks;
			sourceTree = "<group>";
		};
/* End PBXGroup section */

/* Begin PBXNativeTarget section */
		A8032EC22E0BB5F20022309A /* Audio Tag */ = {
			isa = PBXNativeTarget;
			buildConfigurationList = A8032EE82E0BB5F30022309A /* Build configuration list for PBXNativeTarget "Audio Tag" */;
			buildPhases = (
				A8032EBF2E0BB5F20022309A /* Sources */,
				A8032EC02E0BB5F20022309A /* Frameworks */,
				A8032EC12E0BB5F20022309A /* Resources */,
				A8032F3A2E0BD3F20022309A /* ShellScript */,
				A8B6F3412E0DF38900FBC864 /* Embed Frameworks */,
			);
			buildRules = (
			);
			dependencies = (
			);
			fileSystemSynchronizedGroups = (
				A8032F222E0BCFCF0022309A /* Audio Tag */,
			);
			name = "Audio Tag";
			packageProductDependencies = (
				A83B4EEF2EA0965700B903FF /* TagLib */,
			);
			productName = "Audio Tag";
			productReference = A8032EC32E0BB5F20022309A /* Audio Tag.app */;
			productType = "com.apple.product-type.application";
		};
		A8032ED32E0BB5F30022309A /* Audio TagTests */ = {
			isa = PBXNativeTarget;
			buildConfigurationList = A8032EEB2E0BB5F30022309A /* Build configuration list for PBXNativeTarget "Audio TagTests" */;
			buildPhases = (
				A8032ED02E0BB5F30022309A /* Sources */,
				A8032ED12E0BB5F30022309A /* Frameworks */,
				A8032ED22E0BB5F30022309A /* Resources */,
			);
			buildRules = (
			);
			dependencies = (
				A8032ED62E0BB5F30022309A /* PBXTargetDependency */,
			);
			fileSystemSynchronizedGroups = (
				A8032ED72E0BB5F30022309A /* Audio TagTests */,
			);
			name = "Audio TagTests";
			packageProductDependencies = (
			);
			productName = "Audio TagTests";
			productReference = A8032ED42E0BB5F30022309A /* Audio TagTests.xctest */;
			productType = "com.apple.product-type.bundle.unit-test";
		};
		A8032EDD2E0BB5F30022309A /* Audio TagUITests */ = {
			isa = PBXNativeTarget;
			buildConfigurationList = A8032EEE2E0BB5F30022309A /* Build configuration list for PBXNativeTarget "Audio TagUITests" */;
			buildPhases = (
				A8032EDA2E0BB5F30022309A /* Sources */,
				A8032EDB2E0BB5F30022309A /* Frameworks */,
				A8032EDC2E0BB5F30022309A /* Resources */,
			);
			buildRules = (
			);
			dependencies = (
				A8032EE02E0BB5F30022309A /* PBXTargetDependency */,
			);
			fileSystemSynchronizedGroups = (
				A8032EE12E0BB5F30022309A /* Audio TagUITests */,
			);
			name = "Audio TagUITests";
			packageProductDependencies = (
			);
			productName = "Audio TagUITests";
			productReference = A8032EDE2E0BB5F30022309A /* Audio TagUITests.xctest */;
			productType = "com.apple.product-type.bundle.ui-testing";
		};
/* End PBXNativeTarget section */

/* Begin PBXProject section */
		A8032EBB2E0BB5F20022309A /* Project object */ = {
			isa = PBXProject;
			attributes = {
				BuildIndependentTargetsInParallel = 1;
				LastSwiftUpdateCheck = 1620;
				LastUpgradeCheck = 2600;
				TargetAttributes = {
					A8032EC22E0BB5F20022309A = {
						CreatedOnToolsVersion = 16.2;
						LastSwiftMigration = 1640;
					};
					A8032ED32E0BB5F30022309A = {
						CreatedOnToolsVersion = 16.2;
						TestTargetID = A8032EC22E0BB5F20022309A;
					};
					A8032EDD2E0BB5F30022309A = {
						CreatedOnToolsVersion = 16.2;
						TestTargetID = A8032EC22E0BB5F20022309A;
					};
				};
			};
			buildConfigurationList = A8032EBE2E0BB5F20022309A /* Build configuration list for PBXProject "Audio Tag" */;
			developmentRegion = en;
			hasScannedForEncodings = 0;
			knownRegions = (
				en,
				Base,
			);
			mainGroup = A8032EBA2E0BB5F20022309A;
			minimizedProjectReferenceProxies = 1;
			packageReferences = (
				A83B4EEE2EA0965700B903FF /* XCLocalSwiftPackageReference "Packages/swift-taglib" */,
			);
			preferredProjectObjectVersion = 77;
			productRefGroup = A8032EC42E0BB5F20022309A /* Products */;
			projectDirPath = "";
			projectRoot = "";
			targets = (
				A8032EC22E0BB5F20022309A /* Audio Tag */,
				A8032ED32E0BB5F30022309A /* Audio TagTests */,
				A8032EDD2E0BB5F30022309A /* Audio TagUITests */,
			);
		};
/* End PBXProject section */

/* Begin PBXResourcesBuildPhase section */
		A8032EC12E0BB5F20022309A /* Resources */ = {
			isa = PBXResourcesBuildPhase;
			buildActionMask = 2147483647;
			files = (
				A8B6F3972E0E042200FBC864 /* ffmpeg in Resources */,
			);
			runOnlyForDeploymentPostprocessing = 0;
		};
		A8032ED22E0BB5F30022309A /* Resources */ = {
			isa = PBXResourcesBuildPhase;
			buildActionMask = 2147483647;
			files = (
			);
			runOnlyForDeploymentPostprocessing = 0;
		};
		A8032EDC2E0BB5F30022309A /* Resources */ = {
			isa = PBXResourcesBuildPhase;
			buildActionMask = 2147483647;
			files = (
			);
			runOnlyForDeploymentPostprocessing = 0;
		};
/* End PBXResourcesBuildPhase section */

/* Begin PBXShellScriptBuildPhase section */
		A8032F3A2E0BD3F20022309A /* ShellScript */ = {
			isa = PBXShellScriptBuildPhase;
			buildActionMask = 2147483647;
			files = (
			);
			inputFileListPaths = (
			);
			inputPaths = (
			);
			outputFileListPaths = (
			);
			outputPaths = (
			);
			runOnlyForDeploymentPostprocessing = 0;
			shellPath = /bin/sh;
			shellScript = "
";
		};
/* End PBXShellScriptBuildPhase section */

/* Begin PBXSourcesBuildPhase section */
		A8032EBF2E0BB5F20022309A /* Sources */ = {
			isa = PBXSourcesBuildPhase;
			buildActionMask = 2147483647;
			files = (
			);
			runOnlyForDeploymentPostprocessing = 0;
		};
		A8032ED02E0BB5F30022309A /* Sources */ = {
			isa = PBXSourcesBuildPhase;
			buildActionMask = 2147483647;
			files = (
			);
			runOnlyForDeploymentPostprocessing = 0;
		};
		A8032EDA2E0BB5F30022309A /* Sources */ = {
			isa = PBXSourcesBuildPhase;
			buildActionMask = 2147483647;
			files = (
			);
			runOnlyForDeploymentPostprocessing = 0;
		};
/* End PBXSourcesBuildPhase section */

/* Begin PBXTargetDependency section */
		A8032ED62E0BB5F30022309A /* PBXTargetDependency */ = {
			isa = PBXTargetDependency;
			target = A8032EC22E0BB5F20022309A /* Audio Tag */;
			targetProxy = A8032ED52E0BB5F30022309A /* PBXContainerItemProxy */;
		};
		A8032EE02E0BB5F30022309A /* PBXTargetDependency */ = {
			isa = PBXTargetDependency;
			target = A8032EC22E0BB5F20022309A /* Audio Tag */;
			targetProxy = A8032EDF2E0BB5F30022309A /* PBXContainerItemProxy */;
		};
/* End PBXTargetDependency section */

/* Begin XCBuildConfiguration section */
		A8032EE62E0BB5F30022309A /* Debug */ = {
			isa = XCBuildConfiguration;
			buildSettings = {
				ALWAYS_SEARCH_USER_PATHS = NO;
				ASSETCATALOG_COMPILER_GENERATE_SWIFT_ASSET_SYMBOL_EXTENSIONS = YES;
				CLANG_ANALYZER_NONNULL = YES;
				CLANG_ANALYZER_NUMBER_OBJECT_CONVERSION = YES_AGGRESSIVE;
				CLANG_CXX_LANGUAGE_STANDARD = "gnu++20";
				CLANG_ENABLE_MODULES = YES;
				CLANG_ENABLE_OBJC_ARC = YES;
				CLANG_ENABLE_OBJC_WEAK = YES;
				CLANG_WARN_BLOCK_CAPTURE_AUTORELEASING = YES;
				CLANG_WARN_BOOL_CONVERSION = YES;
				CLANG_WARN_COMMA = YES;
				CLANG_WARN_CONSTANT_CONVERSION = YES;
				CLANG_WARN_DEPRECATED_OBJC_IMPLEMENTATIONS = YES;
				CLANG_WARN_DIRECT_OBJC_ISA_USAGE = YES_ERROR;
				CLANG_WARN_DOCUMENTATION_COMMENTS = YES;
				CLANG_WARN_EMPTY_BODY = YES;
				CLANG_WARN_ENUM_CONVERSION = YES;
				CLANG_WARN_INFINITE_RECURSION = YES;
				CLANG_WARN_INT_CONVERSION = YES;
				CLANG_WARN_NON_LITERAL_NULL_CONVERSION = YES;
				CLANG_WARN_OBJC_IMPLICIT_RETAIN_SELF = YES;
				CLANG_WARN_OBJC_LITERAL_CONVERSION = YES;
				CLANG_WARN_OBJC_ROOT_CLASS = YES_ERROR;
				CLANG_WARN_QUOTED_INCLUDE_IN_FRAMEWORK_HEADER = YES;
				CLANG_WARN_RANGE_LOOP_ANALYSIS = YES;
				CLANG_WARN_STRICT_PROTOTYPES = YES;
				CLANG_WARN_SUSPICIOUS_MOVE = YES;
				CLANG_WARN_UNGUARDED_AVAILABILITY = YES_AGGRESSIVE;
				CLANG_WARN_UNREACHABLE_CODE = YES;
				CLANG_WARN__DUPLICATE_METHOD_MATCH = YES;
				COPY_PHASE_STRIP = NO;
				DEAD_CODE_STRIPPING = YES;
				DEBUG_INFORMATION_FORMAT = dwarf;
				ENABLE_STRICT_OBJC_MSGSEND = YES;
				ENABLE_TESTABILITY = YES;
				ENABLE_USER_SCRIPT_SANDBOXING = YES;
				GCC_C_LANGUAGE_STANDARD = gnu17;
				GCC_DYNAMIC_NO_PIC = NO;
				GCC_NO_COMMON_BLOCKS = YES;
				GCC_OPTIMIZATION_LEVEL = 0;
				GCC_PREPROCESSOR_DEFINITIONS = (
					"DEBUG=1",
					"$(inherited)",
				);
				GCC_WARN_64_TO_32_BIT_CONVERSION = YES;
				GCC_WARN_ABOUT_RETURN_TYPE = YES_ERROR;
				GCC_WARN_UNDECLARED_SELECTOR = YES;
				GCC_WARN_UNINITIALIZED_AUTOS = YES_AGGRESSIVE;
				GCC_WARN_UNUSED_FUNCTION = YES;
				GCC_WARN_UNUSED_VARIABLE = YES;
				LOCALIZATION_PREFERS_STRING_CATALOGS = YES;
				MACOSX_DEPLOYMENT_TARGET = 15.2;
				MTL_ENABLE_DEBUG_INFO = INCLUDE_SOURCE;
				MTL_FAST_MATH = YES;
				ONLY_ACTIVE_ARCH = YES;
				SDKROOT = macosx;
				STRING_CATALOG_GENERATE_SYMBOLS = YES;
				SWIFT_ACTIVE_COMPILATION_CONDITIONS = "DEBUG $(inherited)";
				SWIFT_OPTIMIZATION_LEVEL = "-Onone";
			};
			name = Debug;
		};
		A8032EE72E0BB5F30022309A /* Release */ = {
			isa = XCBuildConfiguration;
			buildSettings = {
				ALWAYS_SEARCH_USER_PATHS = NO;
				ASSETCATALOG_COMPILER_GENERATE_SWIFT_ASSET_SYMBOL_EXTENSIONS = YES;
				CLANG_ANALYZER_NONNULL = YES;
				CLANG_ANALYZER_NUMBER_OBJECT_CONVERSION = YES_AGGRESSIVE;
				CLANG_CXX_LANGUAGE_STANDARD = "gnu++20";
				CLANG_ENABLE_MODULES = YES;
				CLANG_ENABLE_OBJC_ARC = YES;
				CLANG_ENABLE_OBJC_WEAK = YES;
				CLANG_WARN_BLOCK_CAPTURE_AUTORELEASING = YES;
				CLANG_WARN_BOOL_CONVERSION = YES;
				CLANG_WARN_COMMA = YES;
				CLANG_WARN_CONSTANT_CONVERSION = YES;
				CLANG_WARN_DEPRECATED_OBJC_IMPLEMENTATIONS = YES;
				CLANG_WARN_DIRECT_OBJC_ISA_USAGE = YES_ERROR;
				CLANG_WARN_DOCUMENTATION_COMMENTS = YES;
				CLANG_WARN_EMPTY_BODY = YES;
				CLANG_WARN_ENUM_CONVERSION = YES;
				CLANG_WARN_INFINITE_RECURSION = YES;
				CLANG_WARN_INT_CONVERSION = YES;
				CLANG_WARN_NON_LITERAL_NULL_CONVERSION = YES;
				CLANG_WARN_OBJC_IMPLICIT_RETAIN_SELF = YES;
				CLANG_WARN_OBJC_LITERAL_CONVERSION = YES;
				CLANG_WARN_OBJC_ROOT_CLASS = YES_ERROR;
				CLANG_WARN_QUOTED_INCLUDE_IN_FRAMEWORK_HEADER = YES;
				CLANG_WARN_RANGE_LOOP_ANALYSIS = YES;
				CLANG_WARN_STRICT_PROTOTYPES = YES;
				CLANG_WARN_SUSPICIOUS_MOVE = YES;
				CLANG_WARN_UNGUARDED_AVAILABILITY = YES_AGGRESSIVE;
				CLANG_WARN_UNREACHABLE_CODE = YES;
				CLANG_WARN__DUPLICATE_METHOD_MATCH = YES;
				COPY_PHASE_STRIP = NO;
				DEAD_CODE_STRIPPING = YES;
				DEBUG_INFORMATION_FORMAT = "dwarf-with-dsym";
				ENABLE_NS_ASSERTIONS = NO;
				ENABLE_STRICT_OBJC_MSGSEND = YES;
				ENABLE_USER_SCRIPT_SANDBOXING = YES;
				GCC_C_LANGUAGE_STANDARD = gnu17;
				GCC_NO_COMMON_BLOCKS = YES;
				GCC_WARN_64_TO_32_BIT_CONVERSION = YES;
				GCC_WARN_ABOUT_RETURN_TYPE = YES_ERROR;
				GCC_WARN_UNDECLARED_SELECTOR = YES;
				GCC_WARN_UNINITIALIZED_AUTOS = YES_AGGRESSIVE;
				GCC_WARN_UNUSED_FUNCTION = YES;
				GCC_WARN_UNUSED_VARIABLE = YES;
				LOCALIZATION_PREFERS_STRING_CATALOGS = YES;
				MACOSX_DEPLOYMENT_TARGET = 15.2;
				MTL_ENABLE_DEBUG_INFO = NO;
				MTL_FAST_MATH = YES;
				SDKROOT = macosx;
				STRING_CATALOG_GENERATE_SYMBOLS = YES;
				SWIFT_COMPILATION_MODE = wholemodule;
			};
			name = Release;
		};
		A8032EE92E0BB5F30022309A /* Debug */ = {
			isa = XCBuildConfiguration;
			buildSettings = {
				ASSETCATALOG_COMPILER_APPICON_NAME = AppIcon;
				ASSETCATALOG_COMPILER_GLOBAL_ACCENT_COLOR_NAME = AccentColor;
				CLANG_CXX_LANGUAGE_STANDARD = "gnu++20";
				CLANG_ENABLE_MODULES = YES;
				CLANG_WARN_VEXING_PARSE = YES;
				CODE_SIGN_ENTITLEMENTS = "Audio Tag/Audio_Tag.entitlements";
				CODE_SIGN_STYLE = Automatic;
				COMBINE_HIDPI_IMAGES = YES;
				CURRENT_PROJECT_VERSION = 1;
				DEAD_CODE_STRIPPING = YES;
				DEVELOPMENT_ASSET_PATHS = "\"Audio Tag/Preview Content\"";
				ENABLE_APP_SANDBOX = YES;
				ENABLE_FILE_ACCESS_DOWNLOADS_FOLDER = readwrite;
				ENABLE_PREVIEWS = YES;
				ENABLE_USER_SELECTED_FILES = readwrite;
				EXCLUDED_ARCHS = "";
				FRAMEWORK_SEARCH_PATHS = (
					"$(inherited)",
					"$(PROJECT_DIR)/Audio\\ Tag",
					"$(PROJECT_DIR)/Audio\\ Tag",
					"$(PROJECT_DIR)/Audio\\ Tag/bundle-apple-framework-macos",
					"$(PROJECT_DIR)/Audio\\ Tag/bundle-apple-framework-macos",
					"$(PROJECT_DIR)/Audio\\ Tag/bundle-apple-framework-macos",
					"$(PROJECT_DIR)/Audio\\ Tag/bundle-apple-framework-macos",
					"$(PROJECT_DIR)/Audio\\ Tag/bundle-apple-framework-macos",
					"$(PROJECT_DIR)/Audio\\ Tag/bundle-apple-framework-macos",
					"$(PROJECT_DIR)/Audio\\ Tag/bundle-apple-framework-macos",
					"$(PROJECT_DIR)/Audio\\ Tag/bundle-apple-framework-macos",
					"$(PROJECT_DIR)/Audio\\ Tag/bundle-apple-framework-macos",
					"$(PROJECT_DIR)/Audio\\ Tag/bundle-apple-framework-macos",
					"$(PROJECT_DIR)/Audio\\ Tag/bundle-apple-framework-macos",
					"$(PROJECT_DIR)/Audio\\ Tag/bundle-apple-framework-macos",
					"$(PROJECT_DIR)/Audio\\ Tag/bundle-apple-framework-macos",
					"$(PROJECT_DIR)/Audio\\ Tag/bundle-apple-framework-macos",
					"$(PROJECT_DIR)/Audio\\ Tag/bundle-apple-framework-macos",
					"$(PROJECT_DIR)/Audio\\ Tag/bundle-apple-framework-macos",
					"$(PROJECT_DIR)/Audio\\ Tag/bundle-apple-framework-macos",
					"$(PROJECT_DIR)/Audio\\ Tag/bundle-apple-framework-macos",
					"$(PROJECT_DIR)/Audio\\ Tag/bundle-apple-framework-macos",
					"$(PROJECT_DIR)/Audio\\ Tag/bundle-apple-framework-macos",
					"$(PROJECT_DIR)/Audio\\ Tag/bundle-apple-framework-macos",
					"$(PROJECT_DIR)/Audio\\ Tag/bundle-apple-framework-macos",
					"$(PROJECT_DIR)/Audio\\ Tag/bundle-apple-framework-macos",
					"$(PROJECT_DIR)/Audio\\ Tag/bundle-apple-framework-macos",
					"$(PROJECT_DIR)/Audio\\ Tag/bundle-apple-framework-macos",
					"$(PROJECT_DIR)/Audio\\ Tag/bundle-apple-framework-macos",
					"$(PROJECT_DIR)/Audio\\ Tag/bundle-apple-framework-macos",
					"$(PROJECT_DIR)/Audio\\ Tag/bundle-apple-framework-macos",
					"$(PROJECT_DIR)/Audio\\ Tag/bundle-apple-framework-macos",
					"$(PROJECT_DIR)/Audio\\ Tag/bundle-apple-framework-macos",
					"$(PROJECT_DIR)/Audio\\ Tag/bundle-apple-framework-macos",
					"$(PROJECT_DIR)/Audio\\ Tag/bundle-apple-framework-macos",
					"$(PROJECT_DIR)/Audio\\ Tag/bundle-apple-framework-macos",
					"$(PROJECT_DIR)/Audio\\ Tag/bundle-apple-framework-macos",
					"$(PROJECT_DIR)/Audio\\ Tag",
					"$(PROJECT_DIR)/Audio\\ Tag/bundle-apple-framework-macos",
					"$(PROJECT_DIR)/Audio\\ Tag/bundle-apple-framework-macos",
					"$(PROJECT_DIR)/Audio\\ Tag/bundle-apple-framework-macos",
					"$(PROJECT_DIR)/Audio\\ Tag/bundle-apple-framework-macos",
					"$(PROJECT_DIR)/Audio\\ Tag/bundle-apple-framework-macos",
					"$(PROJECT_DIR)/Audio\\ Tag/bundle-apple-framework-macos",
					"$(PROJECT_DIR)/Audio\\ Tag/bundle-apple-framework-macos",
					"$(PROJECT_DIR)/Audio\\ Tag/bundle-apple-framework-macos",
					"$(PROJECT_DIR)/Audio\\ Tag/bundle-apple-framework-macos",
					"$(PROJECT_DIR)/Audio\\ Tag/bundle-apple-framework-macos",
					"$(PROJECT_DIR)/Audio\\ Tag/bundle-apple-framework-macos",
					"$(PROJECT_DIR)/Audio\\ Tag/bundle-apple-framework-macos",
					"$(PROJECT_DIR)/Audio\\ Tag/bundle-apple-framework-macos",
					"$(PROJECT_DIR)/Audio\\ Tag/bundle-apple-framework-macos",
					"$(PROJECT_DIR)/Audio\\ Tag",
					"$(PROJECT_DIR)/Audio\\ Tag/bundle-apple-framework-macos",
					"$(PROJECT_DIR)/Audio\\ Tag/bundle-apple-framework-macos",
					"$(PROJECT_DIR)/Audio\\ Tag/bundle-apple-framework-macos",
					"$(PROJECT_DIR)/Audio\\ Tag/bundle-apple-framework-macos",
					"$(PROJECT_DIR)/Audio\\ Tag/bundle-apple-framework-macos",
					"$(PROJECT_DIR)/Audio\\ Tag/bundle-apple-framework-macos",
					"$(PROJECT_DIR)/Audio\\ Tag/bundle-apple-framework-macos",
					"$(PROJECT_DIR)/Audio\\ Tag",
					"$(PROJECT_DIR)/Audio\\ Tag/bundle-apple-framework-macos",
					"$(PROJECT_DIR)/Audio\\ Tag/bundle-apple-framework-macos",
					"$(PROJECT_DIR)/Audio\\ Tag/bundle-apple-framework-macos",
					"$(PROJECT_DIR)/Audio\\ Tag/bundle-apple-framework-macos",
					"$(PROJECT_DIR)/Audio\\ Tag/bundle-apple-framework-macos",
					"$(PROJECT_DIR)/Audio\\ Tag/bundle-apple-framework-macos",
					"$(PROJECT_DIR)/Audio\\ Tag/bundle-apple-framework-macos",
					"$(PROJECT_DIR)/Audio\\ Tag",
					"$(PROJECT_DIR)/Audio\\ Tag/bundle-apple-framework-macos",
					"$(PROJECT_DIR)/Audio\\ Tag/bundle-apple-framework-macos",
					"$(PROJECT_DIR)/Audio\\ Tag/bundle-apple-framework-macos",
					"$(PROJECT_DIR)/Audio\\ Tag/bundle-apple-framework-macos",
					"$(PROJECT_DIR)/Audio\\ Tag/bundle-apple-framework-macos",
					"$(PROJECT_DIR)/Audio\\ Tag/bundle-apple-framework-macos",
					"$(PROJECT_DIR)/Audio\\ Tag/bundle-apple-framework-macos",
					"$(PROJECT_DIR)/Audio\\ Tag/bundle-apple-framework-macos",
					"$(PROJECT_DIR)/Audio\\ Tag/bundle-apple-framework-macos",
					"$(PROJECT_DIR)/Audio\\ Tag/bundle-apple-framework-macos",
					"$(PROJECT_DIR)/Audio\\ Tag",
					"$(PROJECT_DIR)/Audio\\ Tag/bundle-apple-framework-macos",
					"$(PROJECT_DIR)/Audio\\ Tag/bundle-apple-framework-macos",
					"$(PROJECT_DIR)/Audio\\ Tag/bundle-apple-framework-macos",
					"$(PROJECT_DIR)/Audio\\ Tag/bundle-apple-framework-macos",
					"$(PROJECT_DIR)/Audio\\ Tag/bundle-apple-framework-macos",
					"$(PROJECT_DIR)/Audio\\ Tag/bundle-apple-framework-macos",
					"$(PROJECT_DIR)/Audio\\ Tag/bundle-apple-framework-macos",
					"$(PROJECT_DIR)/Audio\\ Tag/bundle-apple-framework-macos",
					"$(PROJECT_DIR)/Audio\\ Tag",
					"$(PROJECT_DIR)/Audio\\ Tag/bundle-apple-framework-macos",
					"$(PROJECT_DIR)/Audio\\ Tag/bundle-apple-framework-macos",
					"$(PROJECT_DIR)/Audio\\ Tag/bundle-apple-framework-macos",
					"$(PROJECT_DIR)/Audio\\ Tag/bundle-apple-framework-macos",
					"$(PROJECT_DIR)/Audio\\ Tag/bundle-apple-framework-macos",
					"$(PROJECT_DIR)/Audio\\ Tag/bundle-apple-framework-macos",
					"$(PROJECT_DIR)/Audio\\ Tag/bundle-apple-framework-macos",
					"$(PROJECT_DIR)/Audio\\ Tag/bundle-apple-framework-macos",
					"$(PROJECT_DIR)/Audio\\ Tag",
					"$(PROJECT_DIR)/Audio\\ Tag/bundle-apple-framework-macos",
					"$(PROJECT_DIR)/Audio\\ Tag/bundle-apple-framework-macos",
					"$(PROJECT_DIR)/Audio\\ Tag/bundle-apple-framework-macos",
					"$(PROJECT_DIR)/Audio\\ Tag/bundle-apple-framework-macos",
					"$(PROJECT_DIR)/Audio\\ Tag/bundle-apple-framework-macos",
					"$(PROJECT_DIR)/Audio\\ Tag/bundle-apple-framework-macos",
					"$(PROJECT_DIR)/Audio\\ Tag/bundle-apple-framework-macos",
					"$(PROJECT_DIR)/Audio\\ Tag/bundle-apple-framework-macos",
					"$(PROJECT_DIR)/Audio\\ Tag",
					"$(PROJECT_DIR)/Audio\\ Tag/bundle-apple-framework-macos",
					"$(PROJECT_DIR)/Audio\\ Tag/bundle-apple-framework-macos",
					"$(PROJECT_DIR)/Audio\\ Tag/bundle-apple-framework-macos",
					"$(PROJECT_DIR)/Audio\\ Tag/bundle-apple-framework-macos",
					"$(PROJECT_DIR)/Audio\\ Tag/bundle-apple-framework-macos",
					"$(PROJECT_DIR)/Audio\\ Tag/bundle-apple-framework-macos",
					"$(PROJECT_DIR)/Audio\\ Tag/bundle-apple-framework-macos",
					"$(PROJECT_DIR)/Audio\\ Tag/bundle-apple-framework-macos",
					"$(PROJECT_DIR)/Audio\\ Tag",
					"$(PROJECT_DIR)/Audio\\ Tag/bundle-apple-framework-macos",
					"$(PROJECT_DIR)/Audio\\ Tag/bundle-apple-framework-macos",
					"$(PROJECT_DIR)/Audio\\ Tag/bundle-apple-framework-macos",
					"$(PROJECT_DIR)/Audio\\ Tag/bundle-apple-framework-macos",
					"$(PROJECT_DIR)/Audio\\ Tag/bundle-apple-framework-macos",
					"$(PROJECT_DIR)/Audio\\ Tag/bundle-apple-framework-macos",
					"$(PROJECT_DIR)/Audio\\ Tag/bundle-apple-framework-macos",
					"$(PROJECT_DIR)/Audio\\ Tag/bundle-apple-framework-macos",
					"$(PROJECT_DIR)/Audio\\ Tag",
					"$(PROJECT_DIR)/Audio\\ Tag/bundle-apple-framework-macos",
					"$(PROJECT_DIR)/Audio\\ Tag/bundle-apple-framework-macos",
					"$(PROJECT_DIR)/Audio\\ Tag/bundle-apple-framework-macos",
					"$(PROJECT_DIR)/Audio\\ Tag/bundle-apple-framework-macos",
					"$(PROJECT_DIR)/Audio\\ Tag/bundle-apple-framework-macos",
					"$(PROJECT_DIR)/Audio\\ Tag/bundle-apple-framework-macos",
					"$(PROJECT_DIR)/Audio\\ Tag/bundle-apple-framework-macos",
					"$(PROJECT_DIR)/Audio\\ Tag/bundle-apple-framework-macos",
					"$(PROJECT_DIR)/Audio\\ Tag",
				);
				GCC_C_LANGUAGE_STANDARD = "compiler-default";
				GENERATE_INFOPLIST_FILE = YES;
				HEADER_SEARCH_PATHS = "$(PROJECT_DIR)/.build/checkouts/swift-taglib/Sources/taglib/include";
				INFOPLIST_KEY_NSHumanReadableCopyright = "";
				LD_RUNPATH_SEARCH_PATHS = (
					"$(inherited)",
					"@executable_path/../Frameworks",
				);
				MARKETING_VERSION = 1.0;
				OTHER_LDFLAGS = "";
				PRODUCT_BUNDLE_IDENTIFIER = "com.daws.Audio-Tag";
				PRODUCT_NAME = "$(TARGET_NAME)";
				SWIFT_EMIT_LOC_STRINGS = YES;
				SWIFT_OBJC_BRIDGING_HEADER = "Audio Tag/Audio Tag-Bridging-Header.h";
				SWIFT_OBJC_INTEROP_MODE = objcxx;
				SWIFT_OPTIMIZATION_LEVEL = "-Onone";
				SWIFT_VERSION = 5.0;
			};
			name = Debug;
		};
		A8032EEA2E0BB5F30022309A /* Release */ = {
			isa = XCBuildConfiguration;
			buildSettings = {
				ASSETCATALOG_COMPILER_APPICON_NAME = AppIcon;
				ASSETCATALOG_COMPILER_GLOBAL_ACCENT_COLOR_NAME = AccentColor;
				CLANG_CXX_LANGUAGE_STANDARD = "gnu++20";
				CLANG_CXX_STANDARD_LIBRARY_HARDENING = none;
				CLANG_ENABLE_MODULES = YES;
				CLANG_WARN_VEXING_PARSE = YES;
				CODE_SIGN_ENTITLEMENTS = "Audio Tag/Audio_Tag.entitlements";
				CODE_SIGN_STYLE = Automatic;
				COMBINE_HIDPI_IMAGES = YES;
				CURRENT_PROJECT_VERSION = 1;
				DEAD_CODE_STRIPPING = YES;
				DEVELOPMENT_ASSET_PATHS = "\"Audio Tag/Preview Content\"";
				ENABLE_APP_SANDBOX = YES;
				ENABLE_FILE_ACCESS_DOWNLOADS_FOLDER = readwrite;
				ENABLE_PREVIEWS = YES;
				ENABLE_USER_SELECTED_FILES = readwrite;
				EXCLUDED_ARCHS = "";
				FRAMEWORK_SEARCH_PATHS = (
					"$(inherited)",
					"$(PROJECT_DIR)/Audio\\ Tag",
					"$(PROJECT_DIR)/Audio\\ Tag",
					"$(PROJECT_DIR)/Audio\\ Tag/bundle-apple-framework-macos",
					"$(PROJECT_DIR)/Audio\\ Tag/bundle-apple-framework-macos",
					"$(PROJECT_DIR)/Audio\\ Tag/bundle-apple-framework-macos",
					"$(PROJECT_DIR)/Audio\\ Tag/bundle-apple-framework-macos",
					"$(PROJECT_DIR)/Audio\\ Tag/bundle-apple-framework-macos",
					"$(PROJECT_DIR)/Audio\\ Tag/bundle-apple-framework-macos",
					"$(PROJECT_DIR)/Audio\\ Tag/bundle-apple-framework-macos",
					"$(PROJECT_DIR)/Audio\\ Tag/bundle-apple-framework-macos",
					"$(PROJECT_DIR)/Audio\\ Tag/bundle-apple-framework-macos",
					"$(PROJECT_DIR)/Audio\\ Tag/bundle-apple-framework-macos",
					"$(PROJECT_DIR)/Audio\\ Tag/bundle-apple-framework-macos",
					"$(PROJECT_DIR)/Audio\\ Tag/bundle-apple-framework-macos",
					"$(PROJECT_DIR)/Audio\\ Tag/bundle-apple-framework-macos",
					"$(PROJECT_DIR)/Audio\\ Tag/bundle-apple-framework-macos",
					"$(PROJECT_DIR)/Audio\\ Tag/bundle-apple-framework-macos",
					"$(PROJECT_DIR)/Audio\\ Tag/bundle-apple-framework-macos",
					"$(PROJECT_DIR)/Audio\\ Tag/bundle-apple-framework-macos",
					"$(PROJECT_DIR)/Audio\\ Tag/bundle-apple-framework-macos",
					"$(PROJECT_DIR)/Audio\\ Tag/bundle-apple-framework-macos",
					"$(PROJECT_DIR)/Audio\\ Tag/bundle-apple-framework-macos",
					"$(PROJECT_DIR)/Audio\\ Tag/bundle-apple-framework-macos",
					"$(PROJECT_DIR)/Audio\\ Tag/bundle-apple-framework-macos",
					"$(PROJECT_DIR)/Audio\\ Tag/bundle-apple-framework-macos",
					"$(PROJECT_DIR)/Audio\\ Tag/bundle-apple-framework-macos",
					"$(PROJECT_DIR)/Audio\\ Tag/bundle-apple-framework-macos",
					"$(PROJECT_DIR)/Audio\\ Tag/bundle-apple-framework-macos",
					"$(PROJECT_DIR)/Audio\\ Tag/bundle-apple-framework-macos",
					"$(PROJECT_DIR)/Audio\\ Tag/bundle-apple-framework-macos",
					"$(PROJECT_DIR)/Audio\\ Tag/bundle-apple-framework-macos",
					"$(PROJECT_DIR)/Audio\\ Tag/bundle-apple-framework-macos",
					"$(PROJECT_DIR)/Audio\\ Tag/bundle-apple-framework-macos",
					"$(PROJECT_DIR)/Audio\\ Tag/bundle-apple-framework-macos",
					"$(PROJECT_DIR)/Audio\\ Tag/bundle-apple-framework-macos",
					"$(PROJECT_DIR)/Audio\\ Tag/bundle-apple-framework-macos",
					"$(PROJECT_DIR)/Audio\\ Tag",
					"$(PROJECT_DIR)/Audio\\ Tag/bundle-apple-framework-macos",
					"$(PROJECT_DIR)/Audio\\ Tag/bundle-apple-framework-macos",
					"$(PROJECT_DIR)/Audio\\ Tag/bundle-apple-framework-macos",
					"$(PROJECT_DIR)/Audio\\ Tag/bundle-apple-framework-macos",
					"$(PROJECT_DIR)/Audio\\ Tag/bundle-apple-framework-macos",
					"$(PROJECT_DIR)/Audio\\ Tag/bundle-apple-framework-macos",
					"$(PROJECT_DIR)/Audio\\ Tag/bundle-apple-framework-macos",
					"$(PROJECT_DIR)/Audio\\ Tag/bundle-apple-framework-macos",
					"$(PROJECT_DIR)/Audio\\ Tag/bundle-apple-framework-macos",
					"$(PROJECT_DIR)/Audio\\ Tag/bundle-apple-framework-macos",
					"$(PROJECT_DIR)/Audio\\ Tag/bundle-apple-framework-macos",
					"$(PROJECT_DIR)/Audio\\ Tag/bundle-apple-framework-macos",
					"$(PROJECT_DIR)/Audio\\ Tag/bundle-apple-framework-macos",
					"$(PROJECT_DIR)/Audio\\ Tag/bundle-apple-framework-macos",
					"$(PROJECT_DIR)/Audio\\ Tag",
					"$(PROJECT_DIR)/Audio\\ Tag/bundle-apple-framework-macos",
					"$(PROJECT_DIR)/Audio\\ Tag/bundle-apple-framework-macos",
					"$(PROJECT_DIR)/Audio\\ Tag/bundle-apple-framework-macos",
					"$(PROJECT_DIR)/Audio\\ Tag/bundle-apple-framework-macos",
					"$(PROJECT_DIR)/Audio\\ Tag/bundle-apple-framework-macos",
					"$(PROJECT_DIR)/Audio\\ Tag/bundle-apple-framework-macos",
					"$(PROJECT_DIR)/Audio\\ Tag/bundle-apple-framework-macos",
					"$(PROJECT_DIR)/Audio\\ Tag",
					"$(PROJECT_DIR)/Audio\\ Tag/bundle-apple-framework-macos",
					"$(PROJECT_DIR)/Audio\\ Tag/bundle-apple-framework-macos",
					"$(PROJECT_DIR)/Audio\\ Tag/bundle-apple-framework-macos",
					"$(PROJECT_DIR)/Audio\\ Tag/bundle-apple-framework-macos",
					"$(PROJECT_DIR)/Audio\\ Tag/bundle-apple-framework-macos",
					"$(PROJECT_DIR)/Audio\\ Tag/bundle-apple-framework-macos",
					"$(PROJECT_DIR)/Audio\\ Tag/bundle-apple-framework-macos",
					"$(PROJECT_DIR)/Audio\\ Tag",
					"$(PROJECT_DIR)/Audio\\ Tag/bundle-apple-framework-macos",
					"$(PROJECT_DIR)/Audio\\ Tag/bundle-apple-framework-macos",
					"$(PROJECT_DIR)/Audio\\ Tag/bundle-apple-framework-macos",
					"$(PROJECT_DIR)/Audio\\ Tag/bundle-apple-framework-macos",
					"$(PROJECT_DIR)/Audio\\ Tag/bundle-apple-framework-macos",
					"$(PROJECT_DIR)/Audio\\ Tag/bundle-apple-framework-macos",
					"$(PROJECT_DIR)/Audio\\ Tag/bundle-apple-framework-macos",
					"$(PROJECT_DIR)/Audio\\ Tag/bundle-apple-framework-macos",
					"$(PROJECT_DIR)/Audio\\ Tag/bundle-apple-framework-macos",
					"$(PROJECT_DIR)/Audio\\ Tag/bundle-apple-framework-macos",
					"$(PROJECT_DIR)/Audio\\ Tag",
					"$(PROJECT_DIR)/Audio\\ Tag/bundle-apple-framework-macos",
					"$(PROJECT_DIR)/Audio\\ Tag/bundle-apple-framework-macos",
					"$(PROJECT_DIR)/Audio\\ Tag/bundle-apple-framework-macos",
					"$(PROJECT_DIR)/Audio\\ Tag/bundle-apple-framework-macos",
					"$(PROJECT_DIR)/Audio\\ Tag/bundle-apple-framework-macos",
					"$(PROJECT_DIR)/Audio\\ Tag/bundle-apple-framework-macos",
					"$(PROJECT_DIR)/Audio\\ Tag/bundle-apple-framework-macos",
					"$(PROJECT_DIR)/Audio\\ Tag/bundle-apple-framework-macos",
					"$(PROJECT_DIR)/Audio\\ Tag",
					"$(PROJECT_DIR)/Audio\\ Tag/bundle-apple-framework-macos",
					"$(PROJECT_DIR)/Audio\\ Tag/bundle-apple-framework-macos",
					"$(PROJECT_DIR)/Audio\\ Tag/bundle-apple-framework-macos",
					"$(PROJECT_DIR)/Audio\\ Tag/bundle-apple-framework-macos",
					"$(PROJECT_DIR)/Audio\\ Tag/bundle-apple-framework-macos",
					"$(PROJECT_DIR)/Audio\\ Tag/bundle-apple-framework-macos",
					"$(PROJECT_DIR)/Audio\\ Tag/bundle-apple-framework-macos",
					"$(PROJECT_DIR)/Audio\\ Tag/bundle-apple-framework-macos",
					"$(PROJECT_DIR)/Audio\\ Tag",
					"$(PROJECT_DIR)/Audio\\ Tag/bundle-apple-framework-macos",
					"$(PROJECT_DIR)/Audio\\ Tag/bundle-apple-framework-macos",
					"$(PROJECT_DIR)/Audio\\ Tag/bundle-apple-framework-macos",
					"$(PROJECT_DIR)/Audio\\ Tag/bundle-apple-framework-macos",
					"$(PROJECT_DIR)/Audio\\ Tag/bundle-apple-framework-macos",
					"$(PROJECT_DIR)/Audio\\ Tag/bundle-apple-framework-macos",
					"$(PROJECT_DIR)/Audio\\ Tag/bundle-apple-framework-macos",
					"$(PROJECT_DIR)/Audio\\ Tag/bundle-apple-framework-macos",
					"$(PROJECT_DIR)/Audio\\ Tag",
					"$(PROJECT_DIR)/Audio\\ Tag/bundle-apple-framework-macos",
					"$(PROJECT_DIR)/Audio\\ Tag/bundle-apple-framework-macos",
					"$(PROJECT_DIR)/Audio\\ Tag/bundle-apple-framework-macos",
					"$(PROJECT_DIR)/Audio\\ Tag/bundle-apple-framework-macos",
					"$(PROJECT_DIR)/Audio\\ Tag/bundle-apple-framework-macos",
					"$(PROJECT_DIR)/Audio\\ Tag/bundle-apple-framework-macos",
					"$(PROJECT_DIR)/Audio\\ Tag/bundle-apple-framework-macos",
					"$(PROJECT_DIR)/Audio\\ Tag/bundle-apple-framework-macos",
					"$(PROJECT_DIR)/Audio\\ Tag",
					"$(PROJECT_DIR)/Audio\\ Tag/bundle-apple-framework-macos",
					"$(PROJECT_DIR)/Audio\\ Tag/bundle-apple-framework-macos",
					"$(PROJECT_DIR)/Audio\\ Tag/bundle-apple-framework-macos",
					"$(PROJECT_DIR)/Audio\\ Tag/bundle-apple-framework-macos",
					"$(PROJECT_DIR)/Audio\\ Tag/bundle-apple-framework-macos",
					"$(PROJECT_DIR)/Audio\\ Tag/bundle-apple-framework-macos",
					"$(PROJECT_DIR)/Audio\\ Tag/bundle-apple-framework-macos",
					"$(PROJECT_DIR)/Audio\\ Tag/bundle-apple-framework-macos",
					"$(PROJECT_DIR)/Audio\\ Tag",
					"$(PROJECT_DIR)/Audio\\ Tag/bundle-apple-framework-macos",
					"$(PROJECT_DIR)/Audio\\ Tag/bundle-apple-framework-macos",
					"$(PROJECT_DIR)/Audio\\ Tag/bundle-apple-framework-macos",
					"$(PROJECT_DIR)/Audio\\ Tag/bundle-apple-framework-macos",
					"$(PROJECT_DIR)/Audio\\ Tag/bundle-apple-framework-macos",
					"$(PROJECT_DIR)/Audio\\ Tag/bundle-apple-framework-macos",
					"$(PROJECT_DIR)/Audio\\ Tag/bundle-apple-framework-macos",
					"$(PROJECT_DIR)/Audio\\ Tag/bundle-apple-framework-macos",
					"$(PROJECT_DIR)/Audio\\ Tag",
				);
				GCC_C_LANGUAGE_STANDARD = "compiler-default";
				GENERATE_INFOPLIST_FILE = YES;
				HEADER_SEARCH_PATHS = "$(PROJECT_DIR)/.build/checkouts/swift-taglib/Sources/taglib/include";
				INFOPLIST_KEY_NSHumanReadableCopyright = "";
				LD_RUNPATH_SEARCH_PATHS = (
					"$(inherited)",
					"@executable_path/../Frameworks",
				);
				MARKETING_VERSION = 1.0;
				ONLY_ACTIVE_ARCH = YES;
				OTHER_LDFLAGS = "";
				PRODUCT_BUNDLE_IDENTIFIER = "com.daws.Audio-Tag";
				PRODUCT_NAME = "$(TARGET_NAME)";
				SWIFT_EMIT_LOC_STRINGS = YES;
				SWIFT_OBJC_BRIDGING_HEADER = "Audio Tag/Audio Tag-Bridging-Header.h";
				SWIFT_OBJC_INTEROP_MODE = objcxx;
				SWIFT_VERSION = 5.0;
			};
			name = Release;
		};
		A8032EEC2E0BB5F30022309A /* Debug */ = {
			isa = XCBuildConfiguration;
			buildSettings = {
				BUNDLE_LOADER = "$(TEST_HOST)";
				CODE_SIGN_STYLE = Automatic;
				CURRENT_PROJECT_VERSION = 1;
				DEAD_CODE_STRIPPING = YES;
				GENERATE_INFOPLIST_FILE = YES;
				MACOSX_DEPLOYMENT_TARGET = 15.2;
				MARKETING_VERSION = 1.0;
				PRODUCT_BUNDLE_IDENTIFIER = "com.daws.Audio-TagTests";
				PRODUCT_NAME = "$(TARGET_NAME)";
				SWIFT_EMIT_LOC_STRINGS = NO;
				SWIFT_VERSION = 5.0;
				TEST_HOST = "$(BUILT_PRODUCTS_DIR)/Audio Tag.app/$(BUNDLE_EXECUTABLE_FOLDER_PATH)/Audio Tag";
			};
			name = Debug;
		};
		A8032EED2E0BB5F30022309A /* Release */ = {
			isa = XCBuildConfiguration;
			buildSettings = {
				BUNDLE_LOADER = "$(TEST_HOST)";
				CODE_SIGN_STYLE = Automatic;
				CURRENT_PROJECT_VERSION = 1;
				DEAD_CODE_STRIPPING = YES;
				GENERATE_INFOPLIST_FILE = YES;
				MACOSX_DEPLOYMENT_TARGET = 15.2;
				MARKETING_VERSION = 1.0;
				PRODUCT_BUNDLE_IDENTIFIER = "com.daws.Audio-TagTests";
				PRODUCT_NAME = "$(TARGET_NAME)";
				SWIFT_EMIT_LOC_STRINGS = NO;
				SWIFT_VERSION = 5.0;
				TEST_HOST = "$(BUILT_PRODUCTS_DIR)/Audio Tag.app/$(BUNDLE_EXECUTABLE_FOLDER_PATH)/Audio Tag";
			};
			name = Release;
		};
		A8032EEF2E0BB5F30022309A /* Debug */ = {
			isa = XCBuildConfiguration;
			buildSettings = {
				CODE_SIGN_STYLE = Automatic;
				CURRENT_PROJECT_VERSION = 1;
				DEAD_CODE_STRIPPING = YES;
				GENERATE_INFOPLIST_FILE = YES;
				MARKETING_VERSION = 1.0;
				PRODUCT_BUNDLE_IDENTIFIER = "com.daws.Audio-TagUITests";
				PRODUCT_NAME = "$(TARGET_NAME)";
				SWIFT_EMIT_LOC_STRINGS = NO;
				SWIFT_VERSION = 5.0;
				TEST_TARGET_NAME = "Audio Tag";
			};
			name = Debug;
		};
		A8032EF02E0BB5F30022309A /* Release */ = {
			isa = XCBuildConfiguration;
			buildSettings = {
				CODE_SIGN_STYLE = Automatic;
				CURRENT_PROJECT_VERSION = 1;
				DEAD_CODE_STRIPPING = YES;
				GENERATE_INFOPLIST_FILE = YES;
				MARKETING_VERSION = 1.0;
				PRODUCT_BUNDLE_IDENTIFIER = "com.daws.Audio-TagUITests";
				PRODUCT_NAME = "$(TARGET_NAME)";
				SWIFT_EMIT_LOC_STRINGS = NO;
				SWIFT_VERSION = 5.0;
				TEST_TARGET_NAME = "Audio Tag";
			};
			name = Release;
		};
/* End XCBuildConfiguration section */

/* Begin XCConfigurationList section */
		A8032EBE2E0BB5F20022309A /* Build configuration list for PBXProject "Audio Tag" */ = {
			isa = XCConfigurationList;
			buildConfigurations = (
				A8032EE62E0BB5F30022309A /* Debug */,
				A8032EE72E0BB5F30022309A /* Release */,
			);
			defaultConfigurationIsVisible = 0;
			defaultConfigurationName = Release;
		};
		A8032EE82E0BB5F30022309A /* Build configuration list for PBXNativeTarget "Audio Tag" */ = {
			isa = XCConfigurationList;
			buildConfigurations = (
				A8032EE92E0BB5F30022309A /* Debug */,
				A8032EEA2E0BB5F30022309A /* Release */,
			);
			defaultConfigurationIsVisible = 0;
			defaultConfigurationName = Release;
		};
		A8032EEB2E0BB5F30022309A /* Build configuration list for PBXNativeTarget "Audio TagTests" */ = {
			isa = XCConfigurationList;
			buildConfigurations = (
				A8032EEC2E0BB5F30022309A /* Debug */,
				A8032EED2E0BB5F30022309A /* Release */,
			);
			defaultConfigurationIsVisible = 0;
			defaultConfigurationName = Release;
		};
		A8032EEE2E0BB5F30022309A /* Build configuration list for PBXNativeTarget "Audio TagUITests" */ = {
			isa = XCConfigurationList;
			buildConfigurations = (
				A8032EEF2E0BB5F30022309A /* Debug */,
				A8032EF02E0BB5F30022309A /* Release */,
			);
			defaultConfigurationIsVisible = 0;
			defaultConfigurationName = Release;
		};
/* End XCConfigurationList section */

/* Begin XCLocalSwiftPackageReference section */
		A83B4EEE2EA0965700B903FF /* XCLocalSwiftPackageReference "Packages/swift-taglib" */ = {
			isa = XCLocalSwiftPackageReference;
			relativePath = "Packages/swift-taglib";
		};
/* End XCLocalSwiftPackageReference section */

/* Begin XCSwiftPackageProductDependency section */
		A83B4EEF2EA0965700B903FF /* TagLib */ = {
			isa = XCSwiftPackageProductDependency;
			productName = TagLib;
		};
/* End XCSwiftPackageProductDependency section */
	};
	rootObject = A8032EBB2E0BB5F20022309A /* Project object */;
}
